
Microsoft Visual Studio Solution File, Format Version 12.00
# Visual Studio Version 17
VisualStudioVersion = 17.13.35825.156 d17.13
MinimumVisualStudioVersion = 10.0.40219.1
Project("{8BC9CEB8-8B4A-11D0-8D11-00A0C91BC942}") = "Project1", "Project1\Project1.vcxproj", "{AA6413FB-3ECA-43B2-905A-637088208CF6}"
EndProject
Global
	GlobalSection(SolutionConfigurationPlatforms) = preSolution
		Debug|x64 = Debug|x64
		Debug|x86 = Debug|x86
		Release|x64 = Release|x64
		Release|x86 = Release|x86
	EndGlobalSection
	GlobalSection(ProjectConfigurationPlatforms) = postSolution
		{AA6413FB-3ECA-43B2-905A-637088208CF6}.Debug|x64.ActiveCfg = Debug|x64
		{AA6413FB-3ECA-43B2-905A-637088208CF6}.Debug|x64.Build.0 = Debug|x64
		{AA6413FB-3ECA-43B2-905A-637088208CF6}.Debug|x86.ActiveCfg = Debug|Win32
		{AA6413FB-3ECA-43B2-905A-637088208CF6}.Debug|x86.Build.0 = Debug|Win32
		{AA6413FB-3ECA-43B2-905A-637088208CF6}.Release|x64.ActiveCfg = Release|x64
		{AA6413FB-3ECA-43B2-905A-637088208CF6}.Release|x64.Build.0 = Release|x64
		{AA6413FB-3ECA-43B2-905A-637088208CF6}.Release|x86.ActiveCfg = Release|Win32
		{AA6413FB-3ECA-43B2-905A-637088208CF6}.Release|x86.Build.0 = Release|Win32
	EndGlobalSection
	GlobalSection(SolutionProperties) = preSolution
		HideSolutionNode = FALSE
	EndGlobalSection
	GlobalSection(ExtensibilityGlobals) = postSolution
		SolutionGuid = {E49742D1-D6EF-45FA-B935-D122C594BD12}
	EndGlobalSection
EndGlobal
