
Microsoft Visual Studio Solution File, Format Version 12.00
# Visual Studio Version 17
VisualStudioVersion = 17.13.35825.156 d17.13
MinimumVisualStudioVersion = 10.0.40219.1
Project("{8BC9CEB8-8B4A-11D0-8D11-00A0C91BC942}") = "Problem1", "Problem1\Problem1.vcxproj", "{1CEBD722-1265-41ED-AD98-7A5EC020AC5A}"
EndProject
Project("{8BC9CEB8-8B4A-11D0-8D11-00A0C91BC942}") = "Problem2", "Problem2\Problem2.vcxproj", "{1EEE0662-9835-49A9-B37B-1F6762931076}"
EndProject
Project("{8BC9CEB8-8B4A-11D0-8D11-00A0C91BC942}") = "Problem3", "Problem3\Problem3.vcxproj", "{B712F517-DD3E-4175-8583-C47ECF9B0F1C}"
EndProject
Project("{8BC9CEB8-8B4A-11D0-8D11-00A0C91BC942}") = "Problem4", "Problem4\Problem4.vcxproj", "{1259180B-0FCA-44C5-B6BF-1FA163E4D946}"
EndProject
Global
	GlobalSection(SolutionConfigurationPlatforms) = preSolution
		Debug|x64 = Debug|x64
		Debug|x86 = Debug|x86
		Release|x64 = Release|x64
		Release|x86 = Release|x86
	EndGlobalSection
	GlobalSection(ProjectConfigurationPlatforms) = postSolution
		{1CEBD722-1265-41ED-AD98-7A5EC020AC5A}.Debug|x64.ActiveCfg = Debug|x64
		{1CEBD722-1265-41ED-AD98-7A5EC020AC5A}.Debug|x64.Build.0 = Debug|x64
		{1CEBD722-1265-41ED-AD98-7A5EC020AC5A}.Debug|x86.ActiveCfg = Debug|Win32
		{1CEBD722-1265-41ED-AD98-7A5EC020AC5A}.Debug|x86.Build.0 = Debug|Win32
		{1CEBD722-1265-41ED-AD98-7A5EC020AC5A}.Release|x64.ActiveCfg = Release|x64
		{1CEBD722-1265-41ED-AD98-7A5EC020AC5A}.Release|x64.Build.0 = Release|x64
		{1CEBD722-1265-41ED-AD98-7A5EC020AC5A}.Release|x86.ActiveCfg = Release|Win32
		{1CEBD722-1265-41ED-AD98-7A5EC020AC5A}.Release|x86.Build.0 = Release|Win32
		{1EEE0662-9835-49A9-B37B-1F6762931076}.Debug|x64.ActiveCfg = Debug|x64
		{1EEE0662-9835-49A9-B37B-1F6762931076}.Debug|x64.Build.0 = Debug|x64
		{1EEE0662-9835-49A9-B37B-1F6762931076}.Debug|x86.ActiveCfg = Debug|Win32
		{1EEE0662-9835-49A9-B37B-1F6762931076}.Debug|x86.Build.0 = Debug|Win32
		{1EEE0662-9835-49A9-B37B-1F6762931076}.Release|x64.ActiveCfg = Release|x64
		{1EEE0662-9835-49A9-B37B-1F6762931076}.Release|x64.Build.0 = Release|x64
		{1EEE0662-9835-49A9-B37B-1F6762931076}.Release|x86.ActiveCfg = Release|Win32
		{1EEE0662-9835-49A9-B37B-1F6762931076}.Release|x86.Build.0 = Release|Win32
		{B712F517-DD3E-4175-8583-C47ECF9B0F1C}.Debug|x64.ActiveCfg = Debug|x64
		{B712F517-DD3E-4175-8583-C47ECF9B0F1C}.Debug|x64.Build.0 = Debug|x64
		{B712F517-DD3E-4175-8583-C47ECF9B0F1C}.Debug|x86.ActiveCfg = Debug|Win32
		{B712F517-DD3E-4175-8583-C47ECF9B0F1C}.Debug|x86.Build.0 = Debug|Win32
		{B712F517-DD3E-4175-8583-C47ECF9B0F1C}.Release|x64.ActiveCfg = Release|x64
		{B712F517-DD3E-4175-8583-C47ECF9B0F1C}.Release|x64.Build.0 = Release|x64
		{B712F517-DD3E-4175-8583-C47ECF9B0F1C}.Release|x86.ActiveCfg = Release|Win32
		{B712F517-DD3E-4175-8583-C47ECF9B0F1C}.Release|x86.Build.0 = Release|Win32
		{1259180B-0FCA-44C5-B6BF-1FA163E4D946}.Debug|x64.ActiveCfg = Debug|x64
		{1259180B-0FCA-44C5-B6BF-1FA163E4D946}.Debug|x64.Build.0 = Debug|x64
		{1259180B-0FCA-44C5-B6BF-1FA163E4D946}.Debug|x86.ActiveCfg = Debug|Win32
		{1259180B-0FCA-44C5-B6BF-1FA163E4D946}.Debug|x86.Build.0 = Debug|Win32
		{1259180B-0FCA-44C5-B6BF-1FA163E4D946}.Release|x64.ActiveCfg = Release|x64
		{1259180B-0FCA-44C5-B6BF-1FA163E4D946}.Release|x64.Build.0 = Release|x64
		{1259180B-0FCA-44C5-B6BF-1FA163E4D946}.Release|x86.ActiveCfg = Release|Win32
		{1259180B-0FCA-44C5-B6BF-1FA163E4D946}.Release|x86.Build.0 = Release|Win32
	EndGlobalSection
	GlobalSection(SolutionProperties) = preSolution
		HideSolutionNode = FALSE
	EndGlobalSection
	GlobalSection(ExtensibilityGlobals) = postSolution
		SolutionGuid = {7B8D1CEB-8D67-4A21-BEBC-B67994D7D45E}
	EndGlobalSection
EndGlobal
