
Microsoft Visual Studio Solution File, Format Version 12.00
# Visual Studio Version 17
VisualStudioVersion = 17.13.35825.156 d17.13
MinimumVisualStudioVersion = 10.0.40219.1
Project("{8BC9CEB8-8B4A-11D0-8D11-00A0C91BC942}") = "아마 if 인듯", "아마 if 인듯\아마 if 인듯.vcxproj", "{B234EA23-3873-4D46-8A08-D13BDFFADB16}"
EndProject
Global
	GlobalSection(SolutionConfigurationPlatforms) = preSolution
		Debug|x64 = Debug|x64
		Debug|x86 = Debug|x86
		Release|x64 = Release|x64
		Release|x86 = Release|x86
	EndGlobalSection
	GlobalSection(ProjectConfigurationPlatforms) = postSolution
		{B234EA23-3873-4D46-8A08-D13BDFFADB16}.Debug|x64.ActiveCfg = Debug|x64
		{B234EA23-3873-4D46-8A08-D13BDFFADB16}.Debug|x64.Build.0 = Debug|x64
		{B234EA23-3873-4D46-8A08-D13BDFFADB16}.Debug|x86.ActiveCfg = Debug|Win32
		{B234EA23-3873-4D46-8A08-D13BDFFADB16}.Debug|x86.Build.0 = Debug|Win32
		{B234EA23-3873-4D46-8A08-D13BDFFADB16}.Release|x64.ActiveCfg = Release|x64
		{B234EA23-3873-4D46-8A08-D13BDFFADB16}.Release|x64.Build.0 = Release|x64
		{B234EA23-3873-4D46-8A08-D13BDFFADB16}.Release|x86.ActiveCfg = Release|Win32
		{B234EA23-3873-4D46-8A08-D13BDFFADB16}.Release|x86.Build.0 = Release|Win32
	EndGlobalSection
	GlobalSection(SolutionProperties) = preSolution
		HideSolutionNode = FALSE
	EndGlobalSection
	GlobalSection(ExtensibilityGlobals) = postSolution
		SolutionGuid = {09A450D5-2A83-41C0-A80A-4531FFB44671}
	EndGlobalSection
EndGlobal
